{
	"name": "ps-core",
	"lockfileVersion": 2,
	"requires": true,
	"packages": {
		"": {
			"dependencies": {
				"@types/moment": "^2.13.0",
				"@types/node": "^20.3.0",
				"moment": "^2.29.4",
				"typescript": "^5.0.3"
			},
			"devDependencies": {
				"@citizenfx/client": "^2.0.6497-1",
				"@citizenfx/server": "^2.0.6497-1"
			}
		},
		"node_modules/@citizenfx/client": {
			"version": "2.0.6497-1",
			"resolved": "https://registry.npmjs.org/@citizenfx/client/-/client-2.0.6497-1.tgz",
			"integrity": "sha512-N/xezZ5O/HZXRZGJEarSi9VzX9DbEVLSnmABeBr3cQ/9PM7PyS0khe4cmz1CvtQ9XF6EyJpdM+pWaGxgyet4jw==",
			"dev": true
		},
		"node_modules/@citizenfx/server": {
			"version": "2.0.6497-1",
			"resolved": "https://registry.npmjs.org/@citizenfx/server/-/server-2.0.6497-1.tgz",
			"integrity": "sha512-gn5DB9lRieEehRZd9k7G33g9VIiV0MSWsWXLqgnPVEaAzjyP/0quUWkFbXEtUKBhHU6TsiXGyO5C5yKRVu8F5g==",
			"dev": true
		},
		"node_modules/@types/moment": {
			"version": "2.13.0",
			"resolved": "https://registry.npmjs.org/@types/moment/-/moment-2.13.0.tgz",
			"integrity": "sha512-DyuyYGpV6r+4Z1bUznLi/Y7HpGn4iQ4IVcGn8zrr1P4KotKLdH0sbK1TFR6RGyX6B+G8u83wCzL+bpawKU/hdQ==",
			"deprecated": "This is a stub types definition for Moment (https://github.com/moment/moment). Moment provides its own type definitions, so you don't need @types/moment installed!",
			"dependencies": {
				"moment": "*"
			}
		},
		"node_modules/@types/node": {
			"version": "20.3.0",
			"resolved": "https://registry.npmjs.org/@types/node/-/node-20.3.0.tgz",
			"integrity": "sha512-cumHmIAf6On83X7yP+LrsEyUOf/YlociZelmpRYaGFydoaPdxdt80MAbu6vWerQT2COCp2nPvHdsbD7tHn/YlQ=="
		},
		"node_modules/moment": {
			"version": "2.29.4",
			"resolved": "https://registry.npmjs.org/moment/-/moment-2.29.4.tgz",
			"integrity": "sha512-5LC9SOxjSc2HF6vO2CyuTDNivEdoz2IvyJJGj6X8DJ0eFyfszE0QiEd+iXmBvUP3WHxSjFH/vIsA0EN00cgr8w==",
			"engines": {
				"node": "*"
			}
		},
		"node_modules/typescript": {
			"version": "5.0.3",
			"resolved": "https://registry.npmjs.org/typescript/-/typescript-5.0.3.tgz",
			"integrity": "sha512-xv8mOEDnigb/tN9PSMTwSEqAnUvkoXMQlicOb0IUVDBSQCgBSaAAROUZYy2IcUy5qU6XajK5jjjO7TMWqBTKZA==",
			"bin": {
				"tsc": "bin/tsc",
				"tsserver": "bin/tsserver"
			},
			"engines": {
				"node": ">=12.20"
			}
		}
	},
	"dependencies": {
		"@citizenfx/client": {
			"version": "2.0.6497-1",
			"resolved": "https://registry.npmjs.org/@citizenfx/client/-/client-2.0.6497-1.tgz",
			"integrity": "sha512-N/xezZ5O/HZXRZGJEarSi9VzX9DbEVLSnmABeBr3cQ/9PM7PyS0khe4cmz1CvtQ9XF6EyJpdM+pWaGxgyet4jw==",
			"dev": true
		},
		"@citizenfx/server": {
			"version": "2.0.6497-1",
			"resolved": "https://registry.npmjs.org/@citizenfx/server/-/server-2.0.6497-1.tgz",
			"integrity": "sha512-gn5DB9lRieEehRZd9k7G33g9VIiV0MSWsWXLqgnPVEaAzjyP/0quUWkFbXEtUKBhHU6TsiXGyO5C5yKRVu8F5g==",
			"dev": true
		},
		"@types/moment": {
			"version": "2.13.0",
			"resolved": "https://registry.npmjs.org/@types/moment/-/moment-2.13.0.tgz",
			"integrity": "sha512-DyuyYGpV6r+4Z1bUznLi/Y7HpGn4iQ4IVcGn8zrr1P4KotKLdH0sbK1TFR6RGyX6B+G8u83wCzL+bpawKU/hdQ==",
			"requires": {
				"moment": "*"
			}
		},
		"@types/node": {
			"version": "20.3.0",
			"resolved": "https://registry.npmjs.org/@types/node/-/node-20.3.0.tgz",
			"integrity": "sha512-cumHmIAf6On83X7yP+LrsEyUOf/YlociZelmpRYaGFydoaPdxdt80MAbu6vWerQT2COCp2nPvHdsbD7tHn/YlQ=="
		},
		"moment": {
			"version": "2.29.4",
			"resolved": "https://registry.npmjs.org/moment/-/moment-2.29.4.tgz",
			"integrity": "sha512-5LC9SOxjSc2HF6vO2CyuTDNivEdoz2IvyJJGj6X8DJ0eFyfszE0QiEd+iXmBvUP3WHxSjFH/vIsA0EN00cgr8w=="
		},
		"typescript": {
			"version": "5.0.3",
			"resolved": "https://registry.npmjs.org/typescript/-/typescript-5.0.3.tgz",
			"integrity": "sha512-xv8mOEDnigb/tN9PSMTwSEqAnUvkoXMQlicOb0IUVDBSQCgBSaAAROUZYy2IcUy5qU6XajK5jjjO7TMWqBTKZA=="
		}
	}
}
