# THIS IS AN AUTOGENERATED FILE. DO NOT EDIT THIS FILE DIRECTLY.
# yarn lockfile v1


"@citizenfx/client@^2.0.6497-1":
  version "2.0.6497-1"
  resolved "https://registry.npmjs.org/@citizenfx/client/-/client-2.0.6497-1.tgz"
  integrity sha512-N/xezZ5O/HZXRZGJEarSi9VzX9DbEVLSnmABeBr3cQ/9PM7PyS0khe4cmz1CvtQ9XF6EyJpdM+pWaGxgyet4jw==

"@citizenfx/server@^2.0.6497-1":
  version "2.0.6497-1"
  resolved "https://registry.npmjs.org/@citizenfx/server/-/server-2.0.6497-1.tgz"
  integrity sha512-gn5DB9lRieEehRZd9k7G33g9VIiV0MSWsWXLqgnPVEaAzjyP/0quUWkFbXEtUKBhHU6TsiXGyO5C5yKRVu8F5g==

"@types/moment@^2.13.0":
  version "2.13.0"
  resolved "https://registry.npmjs.org/@types/moment/-/moment-2.13.0.tgz"
  integrity sha512-DyuyYGpV6r+4Z1bUznLi/Y7HpGn4iQ4IVcGn8zrr1P4KotKLdH0sbK1TFR6RGyX6B+G8u83wCzL+bpawKU/hdQ==
  dependencies:
    moment "*"

"@types/node@^20.3.0":
  version "20.3.0"
  resolved "https://registry.npmjs.org/@types/node/-/node-20.3.0.tgz"
  integrity sha512-cumHmIAf6On83X7yP+LrsEyUOf/YlociZelmpRYaGFydoaPdxdt80MAbu6vWerQT2COCp2nPvHdsbD7tHn/YlQ==

moment@*, moment@^2.29.4:
  version "2.29.4"
  resolved "https://registry.npmjs.org/moment/-/moment-2.29.4.tgz"
  integrity sha512-5LC9SOxjSc2HF6vO2CyuTDNivEdoz2IvyJJGj6X8DJ0eFyfszE0QiEd+iXmBvUP3WHxSjFH/vIsA0EN00cgr8w==

typescript@^5.0.3:
  version "5.0.3"
  resolved "https://registry.npmjs.org/typescript/-/typescript-5.0.3.tgz"
  integrity sha512-xv8mOEDnigb/tN9PSMTwSEqAnUvkoXMQlicOb0IUVDBSQCgBSaAAROUZYy2IcUy5qU6XajK5jjjO7TMWqBTKZA==
